
Microsoft Visual Studio Solution File, Format Version 12.00
# Visual Studio Version 17
VisualStudioVersion = 17.9.34622.214
MinimumVisualStudioVersion = 10.0.40219.1
Project("{FAE04EC0-301F-11D3-BF4B-00C04F79EFBC}") = "PrimulCurs", "PrimulCurs.csproj", "{41F1722D-9C41-4C96-B3D8-FC27A1371C57}"
EndProject
Global
	GlobalSection(SolutionConfigurationPlatforms) = preSolution
		Debug|Any CPU = Debug|Any CPU
		Release|Any CPU = Release|Any CPU
	EndGlobalSection
	GlobalSection(ProjectConfigurationPlatforms) = postSolution
		{41F1722D-9C41-4C96-B3D8-FC27A1371C57}.Debug|Any CPU.ActiveCfg = Debug|Any CPU
		{41F1722D-9C41-4C96-B3D8-FC27A1371C57}.Debug|Any CPU.Build.0 = Debug|Any CPU
		{41F1722D-9C41-4C96-B3D8-FC27A1371C57}.Release|Any CPU.ActiveCfg = Release|Any CPU
		{41F1722D-9C41-4C96-B3D8-FC27A1371C57}.Release|Any CPU.Build.0 = Release|Any CPU
	EndGlobalSection
	GlobalSection(SolutionProperties) = preSolution
		HideSolutionNode = FALSE
	EndGlobalSection
	GlobalSection(ExtensibilityGlobals) = postSolution
		SolutionGuid = {453CE5EF-088A-4886-A3A6-ACD8BB98D326}
	EndGlobalSection
EndGlobal
